
Microsoft Visual Studio Solution File, Format Version 12.00
# Visual Studio 15
VisualStudioVersion = 15.0.26730.12
MinimumVisualStudioVersion = 10.0.40219.1
Project("{9A19103F-16F7-4668-BE54-9A1E7A4F7556}") = "Antianeira", "Antianeira\Antianeira.csproj", "{CE2EAD60-C26D-47E4-97B8-8BA317211D2D}"
EndProject
Global
	GlobalSection(SolutionConfigurationPlatforms) = preSolution
		Debug|Any CPU = Debug|Any CPU
		Release|Any CPU = Release|Any CPU
	EndGlobalSection
	GlobalSection(ProjectConfigurationPlatforms) = postSolution
		{CE2EAD60-C26D-47E4-97B8-8BA317211D2D}.Debug|Any CPU.ActiveCfg = Debug|Any CPU
		{CE2EAD60-C26D-47E4-97B8-8BA317211D2D}.Debug|Any CPU.Build.0 = Debug|Any CPU
		{CE2EAD60-C26D-47E4-97B8-8BA317211D2D}.Release|Any CPU.ActiveCfg = Release|Any CPU
		{CE2EAD60-C26D-47E4-97B8-8BA317211D2D}.Release|Any CPU.Build.0 = Release|Any CPU
	EndGlobalSection
	GlobalSection(SolutionProperties) = preSolution
		HideSolutionNode = FALSE
	EndGlobalSection
	GlobalSection(ExtensibilityGlobals) = postSolution
		SolutionGuid = {C8BD1E08-B0B5-463B-8A98-B26219E2D0D0}
	EndGlobalSection
EndGlobal
